
Microsoft Visual Studio Solution File, Format Version 12.00
# Visual Studio 15
VisualStudioVersion = 15.0.27703.2042
MinimumVisualStudioVersion = 10.0.40219.1
Project("{9A19103F-16F7-4668-BE54-9A1E7A4F7556}") = "Test", "Test\Test.csproj", "{47662C47-FFC5-461F-85C6-4E5F9B6234BE}"
EndProject
Project("{2150E333-8FDC-42A3-9474-1A3956D46DE8}") = "Solution Items", "Solution Items", "{EF571C84-FC94-4424-A30A-0F7405F6001F}"
EndProject
Project("{9A19103F-16F7-4668-BE54-9A1E7A4F7556}") = "CNSuny.Infrastructure", "CNSuny.Infrastructure\CNSuny.Infrastructure.csproj", "{9E4888A4-8624-45EE-9816-DF1C83463235}"
EndProject
Project("{FAE04EC0-301F-11D3-BF4B-00C04F79EFBC}") = "CNSuny.Core.Mongo", "CNSuny.Core.Mongo\CNSuny.Core.Mongo.csproj", "{C83F7D8B-AF24-4A18-AD92-4908CD25DECA}"
EndProject
Project("{FAE04EC0-301F-11D3-BF4B-00C04F79EFBC}") = "WebCore.Test", "WebCore.Test\WebCore.Test.csproj", "{2FF44F69-1C61-45DA-9B2A-73D12B8466C3}"
EndProject
Global
	GlobalSection(SolutionConfigurationPlatforms) = preSolution
		Debug|Any CPU = Debug|Any CPU
		Release|Any CPU = Release|Any CPU
	EndGlobalSection
	GlobalSection(ProjectConfigurationPlatforms) = postSolution
		{47662C47-FFC5-461F-85C6-4E5F9B6234BE}.Debug|Any CPU.ActiveCfg = Debug|Any CPU
		{47662C47-FFC5-461F-85C6-4E5F9B6234BE}.Debug|Any CPU.Build.0 = Debug|Any CPU
		{47662C47-FFC5-461F-85C6-4E5F9B6234BE}.Release|Any CPU.ActiveCfg = Release|Any CPU
		{47662C47-FFC5-461F-85C6-4E5F9B6234BE}.Release|Any CPU.Build.0 = Release|Any CPU
		{9E4888A4-8624-45EE-9816-DF1C83463235}.Debug|Any CPU.ActiveCfg = Debug|Any CPU
		{9E4888A4-8624-45EE-9816-DF1C83463235}.Debug|Any CPU.Build.0 = Debug|Any CPU
		{9E4888A4-8624-45EE-9816-DF1C83463235}.Release|Any CPU.ActiveCfg = Release|Any CPU
		{9E4888A4-8624-45EE-9816-DF1C83463235}.Release|Any CPU.Build.0 = Release|Any CPU
		{C83F7D8B-AF24-4A18-AD92-4908CD25DECA}.Debug|Any CPU.ActiveCfg = Debug|Any CPU
		{C83F7D8B-AF24-4A18-AD92-4908CD25DECA}.Debug|Any CPU.Build.0 = Debug|Any CPU
		{C83F7D8B-AF24-4A18-AD92-4908CD25DECA}.Release|Any CPU.ActiveCfg = Release|Any CPU
		{C83F7D8B-AF24-4A18-AD92-4908CD25DECA}.Release|Any CPU.Build.0 = Release|Any CPU
		{2FF44F69-1C61-45DA-9B2A-73D12B8466C3}.Debug|Any CPU.ActiveCfg = Debug|Any CPU
		{2FF44F69-1C61-45DA-9B2A-73D12B8466C3}.Debug|Any CPU.Build.0 = Debug|Any CPU
		{2FF44F69-1C61-45DA-9B2A-73D12B8466C3}.Release|Any CPU.ActiveCfg = Release|Any CPU
		{2FF44F69-1C61-45DA-9B2A-73D12B8466C3}.Release|Any CPU.Build.0 = Release|Any CPU
	EndGlobalSection
	GlobalSection(SolutionProperties) = preSolution
		HideSolutionNode = FALSE
	EndGlobalSection
	GlobalSection(ExtensibilityGlobals) = postSolution
		SolutionGuid = {1AAECE92-D8D2-4DBA-BA13-5ABCCED15FA4}
	EndGlobalSection
EndGlobal
